// !$*UTF8*$!
{
	archiveVersion = 1;
	classes = {
	};
	objectVersion = 56;
	objects = {

/* Begin PBXBuildFile section */
		5B18D38B2BE2D9EF00C9827B /* ijourneyApp.swift in Sources */ = {isa = PBXBuildFile; fileRef = 5B18D38A2BE2D9EF00C9827B /* ijourneyApp.swift */; };
		5B18D38D2BE2D9EF00C9827B /* ItineraryList.swift in Sources */ = {isa = PBXBuildFile; fileRef = 5B18D38C2BE2D9EF00C9827B /* ItineraryList.swift */; };
		5B18D38F2BE2D9EF00C9827B /* Itinerary.swift in Sources */ = {isa = PBXBuildFile; fileRef = 5B18D38E2BE2D9EF00C9827B /* Itinerary.swift */; };
		5B18D3912BE2D9F000C9827B /* Assets.xcassets in Resources */ = {isa = PBXBuildFile; fileRef = 5B18D3902BE2D9F000C9827B /* Assets.xcassets */; };
		5B18D3942BE2D9F000C9827B /* Preview Assets.xcassets in Resources */ = {isa = PBXBuildFile; fileRef = 5B18D3932BE2D9F000C9827B /* Preview Assets.xcassets */; };
		5B18D39E2BE2D9F000C9827B /* ijourneyTests.swift in Sources */ = {isa = PBXBuildFile; fileRef = 5B18D39D2BE2D9F000C9827B /* ijourneyTests.swift */; };
		5B24F6762BFC167E0006AD68 /* AzureOpenAIAPI.plist in Resources */ = {isa = PBXBuildFile; fileRef = 5B24F6752BFC167E0006AD68 /* AzureOpenAIAPI.plist */; };
		5B24F6792BFC173D0006AD68 /* APIConfiguration.swift in Sources */ = {isa = PBXBuildFile; fileRef = 5B24F6782BFC173D0006AD68 /* APIConfiguration.swift */; };
		5B3ACBE62BFCED7900E94B45 /* ItineraryServiceIntegrationTests.swift in Sources */ = {isa = PBXBuildFile; fileRef = 5B3ACBE52BFCED7900E94B45 /* ItineraryServiceIntegrationTests.swift */; };
		5B3ACBE82BFCF7F300E94B45 /* ItineraryServiceTests.swift in Sources */ = {isa = PBXBuildFile; fileRef = 5B3ACBE72BFCF7F300E94B45 /* ItineraryServiceTests.swift */; };
		5B3ACBEA2BFCFAD400E94B45 /* example-response-2.json in Resources */ = {isa = PBXBuildFile; fileRef = 5B3ACBE92BFCFAD400E94B45 /* example-response-2.json */; };
		5B3ACBEB2BFD147200E94B45 /* example-response-1.json in Resources */ = {isa = PBXBuildFile; fileRef = 5B24F66E2BFBF71D0006AD68 /* example-response-1.json */; };
		5B501B2B2BFCE16300A1715D /* NewItineraryView.swift in Sources */ = {isa = PBXBuildFile; fileRef = 5B501B2A2BFCE16300A1715D /* NewItineraryView.swift */; };
		5B5D7A1A2BFBE83900241067 /* ChatGPT.swift in Sources */ = {isa = PBXBuildFile; fileRef = 5B5D7A192BFBE83900241067 /* ChatGPT.swift */; };
		5B6B7D592BF6CEC00040B5AA /* POIDetail.swift in Sources */ = {isa = PBXBuildFile; fileRef = 5B6B7D582BF6CEC00040B5AA /* POIDetail.swift */; };
		5BA894512BEA5CE300BF3E48 /* ItineraryCard.swift in Sources */ = {isa = PBXBuildFile; fileRef = 5BA894502BEA5CE300BF3E48 /* ItineraryCard.swift */; };
		5BA894592BEA948300BF3E48 /* ItineraryDetail.swift in Sources */ = {isa = PBXBuildFile; fileRef = 5BA894582BEA948300BF3E48 /* ItineraryDetail.swift */; };
		5BC1C3C22BF6B87F005CDD72 /* POIList.swift in Sources */ = {isa = PBXBuildFile; fileRef = 5BC1C3C12BF6B87F005CDD72 /* POIList.swift */; };
		5BC1C3C42BF6BA56005CDD72 /* POICard.swift in Sources */ = {isa = PBXBuildFile; fileRef = 5BC1C3C32BF6BA56005CDD72 /* POICard.swift */; };
		5BC1C3C62BF6BB45005CDD72 /* PointOfInterest.swift in Sources */ = {isa = PBXBuildFile; fileRef = 5BC1C3C52BF6BB45005CDD72 /* PointOfInterest.swift */; };
		5BC1C3C82BF6C184005CDD72 /* Day.swift in Sources */ = {isa = PBXBuildFile; fileRef = 5BC1C3C72BF6C184005CDD72 /* Day.swift */; };
		5BC60E932BFD49B600B75A2A /* SampleData.swift in Sources */ = {isa = PBXBuildFile; fileRef = 5BC60E922BFD49B600B75A2A /* SampleData.swift */; };
		5BC60E952BFD54E300B75A2A /* CityService.swift in Sources */ = {isa = PBXBuildFile; fileRef = 5BC60E942BFD54E300B75A2A /* CityService.swift */; };
		5BC60E972BFD591A00B75A2A /* GeoDB.swift in Sources */ = {isa = PBXBuildFile; fileRef = 5BC60E962BFD591A00B75A2A /* GeoDB.swift */; };
		5BC60E9B2BFD5B6F00B75A2A /* GeoDBAPI.plist in Resources */ = {isa = PBXBuildFile; fileRef = 5BC60E9A2BFD5B6F00B75A2A /* GeoDBAPI.plist */; };
		5BC60E9F2BFD5F6200B75A2A /* CityServiceTests.swift in Sources */ = {isa = PBXBuildFile; fileRef = 5BC60E9E2BFD5F6200B75A2A /* CityServiceTests.swift */; };
		5BC60EA22BFD62D800B75A2A /* CityError.swift in Sources */ = {isa = PBXBuildFile; fileRef = 5BC60EA12BFD62D800B75A2A /* CityError.swift */; };
		5BC60EA42BFD63CF00B75A2A /* CityServiceIntegrationTests.swift in Sources */ = {isa = PBXBuildFile; fileRef = 5BC60EA32BFD63CF00B75A2A /* CityServiceIntegrationTests.swift */; };
		5BC60EA72BFD657400B75A2A /* TestItineraryNetworkService.swift in Sources */ = {isa = PBXBuildFile; fileRef = 5BCFB8532BF7ADCF00A93C9F /* TestItineraryNetworkService.swift */; };
		5BCA9C072BFBCFE3000DBDE0 /* ProfileViewModel.swift in Sources */ = {isa = PBXBuildFile; fileRef = 5BCA9C062BFBCFE3000DBDE0 /* ProfileViewModel.swift */; };
		5BCFB83D2BF7836600A93C9F /* ItineraryError.swift in Sources */ = {isa = PBXBuildFile; fileRef = 5BCFB83C2BF7836600A93C9F /* ItineraryError.swift */; };
		5BCFB8422BF79AD600A93C9F /* ItineraryViewModel.swift in Sources */ = {isa = PBXBuildFile; fileRef = 5BCFB8412BF79AD600A93C9F /* ItineraryViewModel.swift */; };
		5BCFB8442BF79B6A00A93C9F /* City.swift in Sources */ = {isa = PBXBuildFile; fileRef = 5BCFB8432BF79B6A00A93C9F /* City.swift */; };
		5BCFB84B2BF79C4B00A93C9F /* CityViewModel.swift in Sources */ = {isa = PBXBuildFile; fileRef = 5BCFB84A2BF79C4B00A93C9F /* CityViewModel.swift */; };
		5BCFB84D2BF7A26100A93C9F /* Profile.swift in Sources */ = {isa = PBXBuildFile; fileRef = 5BCFB84C2BF7A26100A93C9F /* Profile.swift */; };
		5BCFB84F2BF7A46D00A93C9F /* EditProfile.swift in Sources */ = {isa = PBXBuildFile; fileRef = 5BCFB84E2BF7A46D00A93C9F /* EditProfile.swift */; };
		5BCFB8512BF7A49600A93C9F /* EditInterestLevel.swift in Sources */ = {isa = PBXBuildFile; fileRef = 5BCFB8502BF7A49600A93C9F /* EditInterestLevel.swift */; };
		5BCFB8572BF7AE2900A93C9F /* NetworkService.swift in Sources */ = {isa = PBXBuildFile; fileRef = 5BCFB8562BF7AE2900A93C9F /* NetworkService.swift */; };
		5BCFB8592BF7AE8B00A93C9F /* ItineraryService.swift in Sources */ = {isa = PBXBuildFile; fileRef = 5BCFB8582BF7AE8B00A93C9F /* ItineraryService.swift */; };
		5BCFB85C2BF7BB1A00A93C9F /* GICountryListView.swift in Sources */ = {isa = PBXBuildFile; fileRef = 5BCFB85B2BF7BB1A00A93C9F /* GICountryListView.swift */; };
		5BCFB85F2BF7FE8300A93C9F /* country-by-abbreviation.json in Resources */ = {isa = PBXBuildFile; fileRef = 5BCFB85E2BF7FE8300A93C9F /* country-by-abbreviation.json */; };
		5BCFB8612BF7FE8A00A93C9F /* country-by-cities.json in Resources */ = {isa = PBXBuildFile; fileRef = 5BCFB8602BF7FE8A00A93C9F /* country-by-cities.json */; };
		5BCFB8652BF8071B00A93C9F /* GICityListView.swift in Sources */ = {isa = PBXBuildFile; fileRef = 5BCFB8642BF8071B00A93C9F /* GICityListView.swift */; };
		5BCFB8672BF808F500A93C9F /* Country.swift in Sources */ = {isa = PBXBuildFile; fileRef = 5BCFB8662BF808F500A93C9F /* Country.swift */; };
		5BCFB8692BF816E900A93C9F /* GenerateItineraryView.swift in Sources */ = {isa = PBXBuildFile; fileRef = 5BCFB8682BF816E900A93C9F /* GenerateItineraryView.swift */; };
		5BCFB86C2BF8ECAC00A93C9F /* example-itinerary-2.json in Resources */ = {isa = PBXBuildFile; fileRef = 5BCFB86A2BF8ECAB00A93C9F /* example-itinerary-2.json */; };
		5BCFB86D2BF8ECAC00A93C9F /* example-itinerary-1.json in Resources */ = {isa = PBXBuildFile; fileRef = 5BCFB86B2BF8ECAB00A93C9F /* example-itinerary-1.json */; };
		5BCFB86E2BF8EEB100A93C9F /* example-itinerary-1.json in Resources */ = {isa = PBXBuildFile; fileRef = 5BCFB86B2BF8ECAB00A93C9F /* example-itinerary-1.json */; };
		5BCFB8702BF95C4700A93C9F /* AboutView.swift in Sources */ = {isa = PBXBuildFile; fileRef = 5BCFB86F2BF95C4700A93C9F /* AboutView.swift */; };
		5BD2DDD12BFD836D00817982 /* Double+clamped.swift in Sources */ = {isa = PBXBuildFile; fileRef = 5BD2DDD02BFD836D00817982 /* Double+clamped.swift */; };
		5BD2DDD62C11A69F00817982 /* NavigationState.swift in Sources */ = {isa = PBXBuildFile; fileRef = 5BD2DDD52C11A69F00817982 /* NavigationState.swift */; };
		5BF470DB2BF677F30012CD72 /* Glur in Frameworks */ = {isa = PBXBuildFile; productRef = 5BF470DA2BF677F30012CD72 /* Glur */; };
		5BF470E02BF684350012CD72 /* CityDetail.swift in Sources */ = {isa = PBXBuildFile; fileRef = 5BF470DF2BF684350012CD72 /* CityDetail.swift */; };
		5BF470E22BF6854C0012CD72 /* ContentView.swift in Sources */ = {isa = PBXBuildFile; fileRef = 5BF470E12BF6854C0012CD72 /* ContentView.swift */; };
		5BF470E42BF685820012CD72 /* CityList.swift in Sources */ = {isa = PBXBuildFile; fileRef = 5BF470E32BF685820012CD72 /* CityList.swift */; };
		5BF470E62BF6858B0012CD72 /* CityCard.swift in Sources */ = {isa = PBXBuildFile; fileRef = 5BF470E52BF6858B0012CD72 /* CityCard.swift */; };
		5BF470E82BF6859B0012CD72 /* ProfileView.swift in Sources */ = {isa = PBXBuildFile; fileRef = 5BF470E72BF6859B0012CD72 /* ProfileView.swift */; };
/* End PBXBuildFile section */

/* Begin PBXContainerItemProxy section */
		5B18D39A2BE2D9F000C9827B /* PBXContainerItemProxy */ = {
			isa = PBXContainerItemProxy;
			containerPortal = 5B18D37F2BE2D9EF00C9827B /* Project object */;
			proxyType = 1;
			remoteGlobalIDString = 5B18D3862BE2D9EF00C9827B;
			remoteInfo = ijourney;
		};
/* End PBXContainerItemProxy section */

/* Begin PBXFileReference section */
		5B18D3872BE2D9EF00C9827B /* ijourney.app */ = {isa = PBXFileReference; explicitFileType = wrapper.application; includeInIndex = 0; path = ijourney.app; sourceTree = BUILT_PRODUCTS_DIR; };
		5B18D38A2BE2D9EF00C9827B /* ijourneyApp.swift */ = {isa = PBXFileReference; lastKnownFileType = sourcecode.swift; path = ijourneyApp.swift; sourceTree = "<group>"; };
		5B18D38C2BE2D9EF00C9827B /* ItineraryList.swift */ = {isa = PBXFileReference; lastKnownFileType = sourcecode.swift; path = ItineraryList.swift; sourceTree = "<group>"; };
		5B18D38E2BE2D9EF00C9827B /* Itinerary.swift */ = {isa = PBXFileReference; lastKnownFileType = sourcecode.swift; path = Itinerary.swift; sourceTree = "<group>"; };
		5B18D3902BE2D9F000C9827B /* Assets.xcassets */ = {isa = PBXFileReference; lastKnownFileType = folder.assetcatalog; path = Assets.xcassets; sourceTree = "<group>"; };
		5B18D3932BE2D9F000C9827B /* Preview Assets.xcassets */ = {isa = PBXFileReference; lastKnownFileType = folder.assetcatalog; path = "Preview Assets.xcassets"; sourceTree = "<group>"; };
		5B18D3992BE2D9F000C9827B /* ijourneyTests.xctest */ = {isa = PBXFileReference; explicitFileType = wrapper.cfbundle; includeInIndex = 0; path = ijourneyTests.xctest; sourceTree = BUILT_PRODUCTS_DIR; };
		5B18D39D2BE2D9F000C9827B /* ijourneyTests.swift */ = {isa = PBXFileReference; lastKnownFileType = sourcecode.swift; path = ijourneyTests.swift; sourceTree = "<group>"; };
		5B24F66E2BFBF71D0006AD68 /* example-response-1.json */ = {isa = PBXFileReference; fileEncoding = 4; lastKnownFileType = text.json; path = "example-response-1.json"; sourceTree = "<group>"; };
		5B24F6752BFC167E0006AD68 /* AzureOpenAIAPI.plist */ = {isa = PBXFileReference; lastKnownFileType = text.plist.xml; path = AzureOpenAIAPI.plist; sourceTree = "<group>"; };
		5B24F6782BFC173D0006AD68 /* APIConfiguration.swift */ = {isa = PBXFileReference; lastKnownFileType = sourcecode.swift; path = APIConfiguration.swift; sourceTree = "<group>"; };
		5B24F67A2BFC18550006AD68 /* AzureOpenAIAPI.example.plist */ = {isa = PBXFileReference; lastKnownFileType = text.plist.xml; path = AzureOpenAIAPI.example.plist; sourceTree = "<group>"; };
		5B3ACBE52BFCED7900E94B45 /* ItineraryServiceIntegrationTests.swift */ = {isa = PBXFileReference; lastKnownFileType = sourcecode.swift; path = ItineraryServiceIntegrationTests.swift; sourceTree = "<group>"; };
		5B3ACBE72BFCF7F300E94B45 /* ItineraryServiceTests.swift */ = {isa = PBXFileReference; lastKnownFileType = sourcecode.swift; path = ItineraryServiceTests.swift; sourceTree = "<group>"; };
		5B3ACBE92BFCFAD400E94B45 /* example-response-2.json */ = {isa = PBXFileReference; fileEncoding = 4; lastKnownFileType = text.json; path = "example-response-2.json"; sourceTree = "<group>"; };
		5B501B2A2BFCE16300A1715D /* NewItineraryView.swift */ = {isa = PBXFileReference; lastKnownFileType = sourcecode.swift; path = NewItineraryView.swift; sourceTree = "<group>"; };
		5B5D7A192BFBE83900241067 /* ChatGPT.swift */ = {isa = PBXFileReference; lastKnownFileType = sourcecode.swift; path = ChatGPT.swift; sourceTree = "<group>"; };
		5B6B7D582BF6CEC00040B5AA /* POIDetail.swift */ = {isa = PBXFileReference; lastKnownFileType = sourcecode.swift; path = POIDetail.swift; sourceTree = "<group>"; };
		5BA894502BEA5CE300BF3E48 /* ItineraryCard.swift */ = {isa = PBXFileReference; lastKnownFileType = sourcecode.swift; path = ItineraryCard.swift; sourceTree = "<group>"; };
		5BA894582BEA948300BF3E48 /* ItineraryDetail.swift */ = {isa = PBXFileReference; lastKnownFileType = sourcecode.swift; path = ItineraryDetail.swift; sourceTree = "<group>"; };
		5BC1C3C12BF6B87F005CDD72 /* POIList.swift */ = {isa = PBXFileReference; lastKnownFileType = sourcecode.swift; path = POIList.swift; sourceTree = "<group>"; };
		5BC1C3C32BF6BA56005CDD72 /* POICard.swift */ = {isa = PBXFileReference; lastKnownFileType = sourcecode.swift; path = POICard.swift; sourceTree = "<group>"; };
		5BC1C3C52BF6BB45005CDD72 /* PointOfInterest.swift */ = {isa = PBXFileReference; lastKnownFileType = sourcecode.swift; path = PointOfInterest.swift; sourceTree = "<group>"; };
		5BC1C3C72BF6C184005CDD72 /* Day.swift */ = {isa = PBXFileReference; lastKnownFileType = sourcecode.swift; path = Day.swift; sourceTree = "<group>"; };
		5BC60E922BFD49B600B75A2A /* SampleData.swift */ = {isa = PBXFileReference; lastKnownFileType = sourcecode.swift; path = SampleData.swift; sourceTree = "<group>"; };
		5BC60E942BFD54E300B75A2A /* CityService.swift */ = {isa = PBXFileReference; lastKnownFileType = sourcecode.swift; path = CityService.swift; sourceTree = "<group>"; };
		5BC60E962BFD591A00B75A2A /* GeoDB.swift */ = {isa = PBXFileReference; lastKnownFileType = sourcecode.swift; path = GeoDB.swift; sourceTree = "<group>"; };
		5BC60E9A2BFD5B6F00B75A2A /* GeoDBAPI.plist */ = {isa = PBXFileReference; lastKnownFileType = text.plist.xml; path = GeoDBAPI.plist; sourceTree = "<group>"; };
		5BC60E9E2BFD5F6200B75A2A /* CityServiceTests.swift */ = {isa = PBXFileReference; lastKnownFileType = sourcecode.swift; path = CityServiceTests.swift; sourceTree = "<group>"; };
		5BC60EA12BFD62D800B75A2A /* CityError.swift */ = {isa = PBXFileReference; lastKnownFileType = sourcecode.swift; path = CityError.swift; sourceTree = "<group>"; };
		5BC60EA32BFD63CF00B75A2A /* CityServiceIntegrationTests.swift */ = {isa = PBXFileReference; lastKnownFileType = sourcecode.swift; path = CityServiceIntegrationTests.swift; sourceTree = "<group>"; };
		5BCA9C062BFBCFE3000DBDE0 /* ProfileViewModel.swift */ = {isa = PBXFileReference; lastKnownFileType = sourcecode.swift; path = ProfileViewModel.swift; sourceTree = "<group>"; };
		5BCFB83C2BF7836600A93C9F /* ItineraryError.swift */ = {isa = PBXFileReference; lastKnownFileType = sourcecode.swift; path = ItineraryError.swift; sourceTree = "<group>"; };
		5BCFB8412BF79AD600A93C9F /* ItineraryViewModel.swift */ = {isa = PBXFileReference; lastKnownFileType = sourcecode.swift; path = ItineraryViewModel.swift; sourceTree = "<group>"; };
		5BCFB8432BF79B6A00A93C9F /* City.swift */ = {isa = PBXFileReference; lastKnownFileType = sourcecode.swift; path = City.swift; sourceTree = "<group>"; };
		5BCFB84A2BF79C4B00A93C9F /* CityViewModel.swift */ = {isa = PBXFileReference; lastKnownFileType = sourcecode.swift; path = CityViewModel.swift; sourceTree = "<group>"; };
		5BCFB84C2BF7A26100A93C9F /* Profile.swift */ = {isa = PBXFileReference; lastKnownFileType = sourcecode.swift; path = Profile.swift; sourceTree = "<group>"; };
		5BCFB84E2BF7A46D00A93C9F /* EditProfile.swift */ = {isa = PBXFileReference; lastKnownFileType = sourcecode.swift; path = EditProfile.swift; sourceTree = "<group>"; };
		5BCFB8502BF7A49600A93C9F /* EditInterestLevel.swift */ = {isa = PBXFileReference; lastKnownFileType = sourcecode.swift; path = EditInterestLevel.swift; sourceTree = "<group>"; };
		5BCFB8532BF7ADCF00A93C9F /* TestItineraryNetworkService.swift */ = {isa = PBXFileReference; lastKnownFileType = sourcecode.swift; path = TestItineraryNetworkService.swift; sourceTree = "<group>"; };
		5BCFB8562BF7AE2900A93C9F /* NetworkService.swift */ = {isa = PBXFileReference; lastKnownFileType = sourcecode.swift; path = NetworkService.swift; sourceTree = "<group>"; };
		5BCFB8582BF7AE8B00A93C9F /* ItineraryService.swift */ = {isa = PBXFileReference; lastKnownFileType = sourcecode.swift; path = ItineraryService.swift; sourceTree = "<group>"; };
		5BCFB85B2BF7BB1A00A93C9F /* GICountryListView.swift */ = {isa = PBXFileReference; lastKnownFileType = sourcecode.swift; path = GICountryListView.swift; sourceTree = "<group>"; };
		5BCFB85E2BF7FE8300A93C9F /* country-by-abbreviation.json */ = {isa = PBXFileReference; fileEncoding = 4; lastKnownFileType = text.json; path = "country-by-abbreviation.json"; sourceTree = "<group>"; };
		5BCFB8602BF7FE8A00A93C9F /* country-by-cities.json */ = {isa = PBXFileReference; fileEncoding = 4; lastKnownFileType = text.json; path = "country-by-cities.json"; sourceTree = "<group>"; };
		5BCFB8642BF8071B00A93C9F /* GICityListView.swift */ = {isa = PBXFileReference; lastKnownFileType = sourcecode.swift; path = GICityListView.swift; sourceTree = "<group>"; };
		5BCFB8662BF808F500A93C9F /* Country.swift */ = {isa = PBXFileReference; lastKnownFileType = sourcecode.swift; path = Country.swift; sourceTree = "<group>"; };
		5BCFB8682BF816E900A93C9F /* GenerateItineraryView.swift */ = {isa = PBXFileReference; lastKnownFileType = sourcecode.swift; path = GenerateItineraryView.swift; sourceTree = "<group>"; };
		5BCFB86A2BF8ECAB00A93C9F /* example-itinerary-2.json */ = {isa = PBXFileReference; fileEncoding = 4; lastKnownFileType = text.json; path = "example-itinerary-2.json"; sourceTree = "<group>"; };
		5BCFB86B2BF8ECAB00A93C9F /* example-itinerary-1.json */ = {isa = PBXFileReference; fileEncoding = 4; lastKnownFileType = text.json; path = "example-itinerary-1.json"; sourceTree = "<group>"; };
		5BCFB86F2BF95C4700A93C9F /* AboutView.swift */ = {isa = PBXFileReference; lastKnownFileType = sourcecode.swift; path = AboutView.swift; sourceTree = "<group>"; };
		5BD2DDD02BFD836D00817982 /* Double+clamped.swift */ = {isa = PBXFileReference; lastKnownFileType = sourcecode.swift; path = "Double+clamped.swift"; sourceTree = "<group>"; };
		5BD2DDD52C11A69F00817982 /* NavigationState.swift */ = {isa = PBXFileReference; lastKnownFileType = sourcecode.swift; path = NavigationState.swift; sourceTree = "<group>"; };
		5BF470DF2BF684350012CD72 /* CityDetail.swift */ = {isa = PBXFileReference; lastKnownFileType = sourcecode.swift; path = CityDetail.swift; sourceTree = "<group>"; };
		5BF470E12BF6854C0012CD72 /* ContentView.swift */ = {isa = PBXFileReference; lastKnownFileType = sourcecode.swift; path = ContentView.swift; sourceTree = "<group>"; };
		5BF470E32BF685820012CD72 /* CityList.swift */ = {isa = PBXFileReference; lastKnownFileType = sourcecode.swift; path = CityList.swift; sourceTree = "<group>"; };
		5BF470E52BF6858B0012CD72 /* CityCard.swift */ = {isa = PBXFileReference; lastKnownFileType = sourcecode.swift; path = CityCard.swift; sourceTree = "<group>"; };
		5BF470E72BF6859B0012CD72 /* ProfileView.swift */ = {isa = PBXFileReference; lastKnownFileType = sourcecode.swift; path = ProfileView.swift; sourceTree = "<group>"; };
/* End PBXFileReference section */

/* Begin PBXFrameworksBuildPhase section */
		5B18D3842BE2D9EF00C9827B /* Frameworks */ = {
			isa = PBXFrameworksBuildPhase;
			buildActionMask = 2147483647;
			files = (
				5BF470DB2BF677F30012CD72 /* Glur in Frameworks */,
			);
			runOnlyForDeploymentPostprocessing = 0;
		};
		5B18D3962BE2D9F000C9827B /* Frameworks */ = {
			isa = PBXFrameworksBuildPhase;
			buildActionMask = 2147483647;
			files = (
			);
			runOnlyForDeploymentPostprocessing = 0;
		};
/* End PBXFrameworksBuildPhase section */

/* Begin PBXGroup section */
		5B18D37E2BE2D9EF00C9827B = {
			isa = PBXGroup;
			children = (
				5B18D3892BE2D9EF00C9827B /* ijourney */,
				5B18D39C2BE2D9F000C9827B /* ijourneyTests */,
				5BCFB85D2BF7FE6F00A93C9F /* Resources */,
				5B18D3882BE2D9EF00C9827B /* Products */,
				5BA894552BEA8D6B00BF3E48 /* Frameworks */,
				5B24F6752BFC167E0006AD68 /* AzureOpenAIAPI.plist */,
				5BC60E9A2BFD5B6F00B75A2A /* GeoDBAPI.plist */,
				5B24F67A2BFC18550006AD68 /* AzureOpenAIAPI.example.plist */,
			);
			sourceTree = "<group>";
		};
		5B18D3882BE2D9EF00C9827B /* Products */ = {
			isa = PBXGroup;
			children = (
				5B18D3872BE2D9EF00C9827B /* ijourney.app */,
				5B18D3992BE2D9F000C9827B /* ijourneyTests.xctest */,
			);
			name = Products;
			sourceTree = "<group>";
		};
		5B18D3892BE2D9EF00C9827B /* ijourney */ = {
			isa = PBXGroup;
			children = (
				5B18D38A2BE2D9EF00C9827B /* ijourneyApp.swift */,
				5BA8944E2BEA57FC00BF3E48 /* Model */,
				5BA8944F2BEA580600BF3E48 /* View */,
				5BCFB8552BF7AE1C00A93C9F /* Service */,
				5B24F6772BFC17200006AD68 /* Utility */,
				5B18D3902BE2D9F000C9827B /* Assets.xcassets */,
				5B18D3922BE2D9F000C9827B /* Preview Content */,
			);
			path = ijourney;
			sourceTree = "<group>";
		};
		5B18D3922BE2D9F000C9827B /* Preview Content */ = {
			isa = PBXGroup;
			children = (
				5B18D3932BE2D9F000C9827B /* Preview Assets.xcassets */,
				5BC60E922BFD49B600B75A2A /* SampleData.swift */,
				5BCFB8532BF7ADCF00A93C9F /* TestItineraryNetworkService.swift */,
				5B24F66E2BFBF71D0006AD68 /* example-response-1.json */,
				5B3ACBE92BFCFAD400E94B45 /* example-response-2.json */,
				5BCFB86B2BF8ECAB00A93C9F /* example-itinerary-1.json */,
				5BCFB86A2BF8ECAB00A93C9F /* example-itinerary-2.json */,
			);
			path = "Preview Content";
			sourceTree = "<group>";
		};
		5B18D39C2BE2D9F000C9827B /* ijourneyTests */ = {
			isa = PBXGroup;
			children = (
				5B18D39D2BE2D9F000C9827B /* ijourneyTests.swift */,
				5BC60E9E2BFD5F6200B75A2A /* CityServiceTests.swift */,
				5BC60EA32BFD63CF00B75A2A /* CityServiceIntegrationTests.swift */,
				5B3ACBE72BFCF7F300E94B45 /* ItineraryServiceTests.swift */,
				5B3ACBE52BFCED7900E94B45 /* ItineraryServiceIntegrationTests.swift */,
			);
			path = ijourneyTests;
			sourceTree = "<group>";
		};
		5B24F6772BFC17200006AD68 /* Utility */ = {
			isa = PBXGroup;
			children = (
				5B24F6782BFC173D0006AD68 /* APIConfiguration.swift */,
				5BD2DDD02BFD836D00817982 /* Double+clamped.swift */,
			);
			path = Utility;
			sourceTree = "<group>";
		};
		5B6B7D612BF6F0290040B5AA /* POI */ = {
			isa = PBXGroup;
			children = (
				5BC1C3C12BF6B87F005CDD72 /* POIList.swift */,
				5BC1C3C32BF6BA56005CDD72 /* POICard.swift */,
				5B6B7D582BF6CEC00040B5AA /* POIDetail.swift */,
			);
			path = POI;
			sourceTree = "<group>";
		};
		5BA8944E2BEA57FC00BF3E48 /* Model */ = {
			isa = PBXGroup;
			children = (
				5BCFB8452BF79B6E00A93C9F /* City */,
				5BCFB8462BF79B7400A93C9F /* Itinerary */,
				5BCFB8492BF79B8D00A93C9F /* Profile */,
				5BD2DDD42C11A68500817982 /* Utility */,
			);
			path = Model;
			sourceTree = "<group>";
		};
		5BA8944F2BEA580600BF3E48 /* View */ = {
			isa = PBXGroup;
			children = (
				5BF470E12BF6854C0012CD72 /* ContentView.swift */,
				5BF470DC2BF684040012CD72 /* City */,
				5BF470DD2BF6840F0012CD72 /* Itinerary */,
				5BF470DE2BF684140012CD72 /* Profile */,
			);
			path = View;
			sourceTree = "<group>";
		};
		5BA894552BEA8D6B00BF3E48 /* Frameworks */ = {
			isa = PBXGroup;
			children = (
			);
			name = Frameworks;
			sourceTree = "<group>";
		};
		5BCFB8452BF79B6E00A93C9F /* City */ = {
			isa = PBXGroup;
			children = (
				5BCFB8662BF808F500A93C9F /* Country.swift */,
				5BCFB8432BF79B6A00A93C9F /* City.swift */,
				5BC60E962BFD591A00B75A2A /* GeoDB.swift */,
				5BC60EA12BFD62D800B75A2A /* CityError.swift */,
				5BCFB84A2BF79C4B00A93C9F /* CityViewModel.swift */,
			);
			path = City;
			sourceTree = "<group>";
		};
		5BCFB8462BF79B7400A93C9F /* Itinerary */ = {
			isa = PBXGroup;
			children = (
				5B18D38E2BE2D9EF00C9827B /* Itinerary.swift */,
				5BC1C3C72BF6C184005CDD72 /* Day.swift */,
				5BC1C3C52BF6BB45005CDD72 /* PointOfInterest.swift */,
				5B5D7A192BFBE83900241067 /* ChatGPT.swift */,
				5BCFB83C2BF7836600A93C9F /* ItineraryError.swift */,
				5BCFB8412BF79AD600A93C9F /* ItineraryViewModel.swift */,
			);
			path = Itinerary;
			sourceTree = "<group>";
		};
		5BCFB8492BF79B8D00A93C9F /* Profile */ = {
			isa = PBXGroup;
			children = (
				5BCFB84C2BF7A26100A93C9F /* Profile.swift */,
				5BCA9C062BFBCFE3000DBDE0 /* ProfileViewModel.swift */,
			);
			path = Profile;
			sourceTree = "<group>";
		};
		5BCFB8552BF7AE1C00A93C9F /* Service */ = {
			isa = PBXGroup;
			children = (
				5BCFB8562BF7AE2900A93C9F /* NetworkService.swift */,
				5BCFB8582BF7AE8B00A93C9F /* ItineraryService.swift */,
				5BC60E942BFD54E300B75A2A /* CityService.swift */,
			);
			path = Service;
			sourceTree = "<group>";
		};
		5BCFB85A2BF7BAFE00A93C9F /* Generate Itinerary */ = {
			isa = PBXGroup;
			children = (
				5BCFB85B2BF7BB1A00A93C9F /* GICountryListView.swift */,
				5BCFB8642BF8071B00A93C9F /* GICityListView.swift */,
				5BCFB8682BF816E900A93C9F /* GenerateItineraryView.swift */,
				5B501B2A2BFCE16300A1715D /* NewItineraryView.swift */,
			);
			path = "Generate Itinerary";
			sourceTree = "<group>";
		};
		5BCFB85D2BF7FE6F00A93C9F /* Resources */ = {
			isa = PBXGroup;
			children = (
				5BCFB85E2BF7FE8300A93C9F /* country-by-abbreviation.json */,
				5BCFB8602BF7FE8A00A93C9F /* country-by-cities.json */,
			);
			path = Resources;
			sourceTree = "<group>";
		};
		5BD2DDD42C11A68500817982 /* Utility */ = {
			isa = PBXGroup;
			children = (
				5BD2DDD52C11A69F00817982 /* NavigationState.swift */,
			);
			path = Utility;
			sourceTree = "<group>";
		};
		5BF470DC2BF684040012CD72 /* City */ = {
			isa = PBXGroup;
			children = (
				5BF470E32BF685820012CD72 /* CityList.swift */,
				5BF470E52BF6858B0012CD72 /* CityCard.swift */,
				5BF470DF2BF684350012CD72 /* CityDetail.swift */,
			);
			path = City;
			sourceTree = "<group>";
		};
		5BF470DD2BF6840F0012CD72 /* Itinerary */ = {
			isa = PBXGroup;
			children = (
				5B18D38C2BE2D9EF00C9827B /* ItineraryList.swift */,
				5BA894502BEA5CE300BF3E48 /* ItineraryCard.swift */,
				5BA894582BEA948300BF3E48 /* ItineraryDetail.swift */,
				5B6B7D612BF6F0290040B5AA /* POI */,
				5BCFB85A2BF7BAFE00A93C9F /* Generate Itinerary */,
			);
			path = Itinerary;
			sourceTree = "<group>";
		};
		5BF470DE2BF684140012CD72 /* Profile */ = {
			isa = PBXGroup;
			children = (
				5BF470E72BF6859B0012CD72 /* ProfileView.swift */,
				5BCFB84E2BF7A46D00A93C9F /* EditProfile.swift */,
				5BCFB8502BF7A49600A93C9F /* EditInterestLevel.swift */,
				5BCFB86F2BF95C4700A93C9F /* AboutView.swift */,
			);
			path = Profile;
			sourceTree = "<group>";
		};
/* End PBXGroup section */

/* Begin PBXNativeTarget section */
		5B18D3862BE2D9EF00C9827B /* ijourney */ = {
			isa = PBXNativeTarget;
			buildConfigurationList = 5B18D3AD2BE2D9F000C9827B /* Build configuration list for PBXNativeTarget "ijourney" */;
			buildPhases = (
				5B18D3832BE2D9EF00C9827B /* Sources */,
				5B18D3842BE2D9EF00C9827B /* Frameworks */,
				5B18D3852BE2D9EF00C9827B /* Resources */,
			);
			buildRules = (
			);
			dependencies = (
			);
			name = ijourney;
			packageProductDependencies = (
				5BF470DA2BF677F30012CD72 /* Glur */,
			);
			productName = ijourney;
			productReference = 5B18D3872BE2D9EF00C9827B /* ijourney.app */;
			productType = "com.apple.product-type.application";
		};
		5B18D3982BE2D9F000C9827B /* ijourneyTests */ = {
			isa = PBXNativeTarget;
			buildConfigurationList = 5B18D3B02BE2D9F000C9827B /* Build configuration list for PBXNativeTarget "ijourneyTests" */;
			buildPhases = (
				5B18D3952BE2D9F000C9827B /* Sources */,
				5B18D3962BE2D9F000C9827B /* Frameworks */,
				5B18D3972BE2D9F000C9827B /* Resources */,
			);
			buildRules = (
			);
			dependencies = (
				5B18D39B2BE2D9F000C9827B /* PBXTargetDependency */,
			);
			name = ijourneyTests;
			productName = ijourneyTests;
			productReference = 5B18D3992BE2D9F000C9827B /* ijourneyTests.xctest */;
			productType = "com.apple.product-type.bundle.unit-test";
		};
/* End PBXNativeTarget section */

/* Begin PBXProject section */
		5B18D37F2BE2D9EF00C9827B /* Project object */ = {
			isa = PBXProject;
			attributes = {
				BuildIndependentTargetsInParallel = 1;
				LastSwiftUpdateCheck = 1530;
				LastUpgradeCheck = 1530;
				TargetAttributes = {
					5B18D3862BE2D9EF00C9827B = {
						CreatedOnToolsVersion = 15.3;
					};
					5B18D3982BE2D9F000C9827B = {
						CreatedOnToolsVersion = 15.3;
						TestTargetID = 5B18D3862BE2D9EF00C9827B;
					};
				};
			};
			buildConfigurationList = 5B18D3822BE2D9EF00C9827B /* Build configuration list for PBXProject "ijourney" */;
			compatibilityVersion = "Xcode 14.0";
			developmentRegion = en;
			hasScannedForEncodings = 0;
			knownRegions = (
				en,
				Base,
			);
			mainGroup = 5B18D37E2BE2D9EF00C9827B;
			packageReferences = (
				5BF470D92BF677E30012CD72 /* XCRemoteSwiftPackageReference "Glur" */,
			);
			productRefGroup = 5B18D3882BE2D9EF00C9827B /* Products */;
			projectDirPath = "";
			projectRoot = "";
			targets = (
				5B18D3862BE2D9EF00C9827B /* ijourney */,
				5B18D3982BE2D9F000C9827B /* ijourneyTests */,
			);
		};
/* End PBXProject section */

/* Begin PBXResourcesBuildPhase section */
		5B18D3852BE2D9EF00C9827B /* Resources */ = {
			isa = PBXResourcesBuildPhase;
			buildActionMask = 2147483647;
			files = (
				5B3ACBEB2BFD147200E94B45 /* example-response-1.json in Resources */,
				5BC60E9B2BFD5B6F00B75A2A /* GeoDBAPI.plist in Resources */,
				5BCFB8612BF7FE8A00A93C9F /* country-by-cities.json in Resources */,
				5B18D3942BE2D9F000C9827B /* Preview Assets.xcassets in Resources */,
				5BCFB86D2BF8ECAC00A93C9F /* example-itinerary-1.json in Resources */,
				5BCFB86C2BF8ECAC00A93C9F /* example-itinerary-2.json in Resources */,
				5B3ACBEA2BFCFAD400E94B45 /* example-response-2.json in Resources */,
				5B24F6762BFC167E0006AD68 /* AzureOpenAIAPI.plist in Resources */,
				5BCFB85F2BF7FE8300A93C9F /* country-by-abbreviation.json in Resources */,
				5B18D3912BE2D9F000C9827B /* Assets.xcassets in Resources */,
			);
			runOnlyForDeploymentPostprocessing = 0;
		};
		5B18D3972BE2D9F000C9827B /* Resources */ = {
			isa = PBXResourcesBuildPhase;
			buildActionMask = 2147483647;
			files = (
				5BCFB86E2BF8EEB100A93C9F /* example-itinerary-1.json in Resources */,
			);
			runOnlyForDeploymentPostprocessing = 0;
		};
/* End PBXResourcesBuildPhase section */

/* Begin PBXSourcesBuildPhase section */
		5B18D3832BE2D9EF00C9827B /* Sources */ = {
			isa = PBXSourcesBuildPhase;
			buildActionMask = 2147483647;
			files = (
				5BCFB8702BF95C4700A93C9F /* AboutView.swift in Sources */,
				5BA894592BEA948300BF3E48 /* ItineraryDetail.swift in Sources */,
				5BCFB8592BF7AE8B00A93C9F /* ItineraryService.swift in Sources */,
				5BF470E42BF685820012CD72 /* CityList.swift in Sources */,
				5BC1C3C82BF6C184005CDD72 /* Day.swift in Sources */,
				5BC1C3C42BF6BA56005CDD72 /* POICard.swift in Sources */,
				5BC60E932BFD49B600B75A2A /* SampleData.swift in Sources */,
				5BCFB85C2BF7BB1A00A93C9F /* GICountryListView.swift in Sources */,
				5BC60EA22BFD62D800B75A2A /* CityError.swift in Sources */,
				5BD2DDD62C11A69F00817982 /* NavigationState.swift in Sources */,
				5BC1C3C22BF6B87F005CDD72 /* POIList.swift in Sources */,
				5BCFB8652BF8071B00A93C9F /* GICityListView.swift in Sources */,
				5BC60EA72BFD657400B75A2A /* TestItineraryNetworkService.swift in Sources */,
				5BCFB8442BF79B6A00A93C9F /* City.swift in Sources */,
				5B6B7D592BF6CEC00040B5AA /* POIDetail.swift in Sources */,
				5BF470E62BF6858B0012CD72 /* CityCard.swift in Sources */,
				5B18D38D2BE2D9EF00C9827B /* ItineraryList.swift in Sources */,
				5BC60E972BFD591A00B75A2A /* GeoDB.swift in Sources */,
				5BF470E22BF6854C0012CD72 /* ContentView.swift in Sources */,
				5B5D7A1A2BFBE83900241067 /* ChatGPT.swift in Sources */,
				5BD2DDD12BFD836D00817982 /* Double+clamped.swift in Sources */,
				5BC1C3C62BF6BB45005CDD72 /* PointOfInterest.swift in Sources */,
				5BCA9C072BFBCFE3000DBDE0 /* ProfileViewModel.swift in Sources */,
				5B24F6792BFC173D0006AD68 /* APIConfiguration.swift in Sources */,
				5B18D38F2BE2D9EF00C9827B /* Itinerary.swift in Sources */,
				5B18D38B2BE2D9EF00C9827B /* ijourneyApp.swift in Sources */,
				5BF470E02BF684350012CD72 /* CityDetail.swift in Sources */,
				5BCFB8422BF79AD600A93C9F /* ItineraryViewModel.swift in Sources */,
				5BC60E952BFD54E300B75A2A /* CityService.swift in Sources */,
				5BCFB84F2BF7A46D00A93C9F /* EditProfile.swift in Sources */,
				5BF470E82BF6859B0012CD72 /* ProfileView.swift in Sources */,
				5BA894512BEA5CE300BF3E48 /* ItineraryCard.swift in Sources */,
				5BCFB84D2BF7A26100A93C9F /* Profile.swift in Sources */,
				5BCFB84B2BF79C4B00A93C9F /* CityViewModel.swift in Sources */,
				5BCFB8512BF7A49600A93C9F /* EditInterestLevel.swift in Sources */,
				5BCFB8572BF7AE2900A93C9F /* NetworkService.swift in Sources */,
				5BCFB8692BF816E900A93C9F /* GenerateItineraryView.swift in Sources */,
				5BCFB8672BF808F500A93C9F /* Country.swift in Sources */,
				5BCFB83D2BF7836600A93C9F /* ItineraryError.swift in Sources */,
				5B501B2B2BFCE16300A1715D /* NewItineraryView.swift in Sources */,
			);
			runOnlyForDeploymentPostprocessing = 0;
		};
		5B18D3952BE2D9F000C9827B /* Sources */ = {
			isa = PBXSourcesBuildPhase;
			buildActionMask = 2147483647;
			files = (
				5BC60EA42BFD63CF00B75A2A /* CityServiceIntegrationTests.swift in Sources */,
				5B18D39E2BE2D9F000C9827B /* ijourneyTests.swift in Sources */,
				5B3ACBE82BFCF7F300E94B45 /* ItineraryServiceTests.swift in Sources */,
				5BC60E9F2BFD5F6200B75A2A /* CityServiceTests.swift in Sources */,
				5B3ACBE62BFCED7900E94B45 /* ItineraryServiceIntegrationTests.swift in Sources */,
			);
			runOnlyForDeploymentPostprocessing = 0;
		};
/* End PBXSourcesBuildPhase section */

/* Begin PBXTargetDependency section */
		5B18D39B2BE2D9F000C9827B /* PBXTargetDependency */ = {
			isa = PBXTargetDependency;
			target = 5B18D3862BE2D9EF00C9827B /* ijourney */;
			targetProxy = 5B18D39A2BE2D9F000C9827B /* PBXContainerItemProxy */;
		};
/* End PBXTargetDependency section */

/* Begin XCBuildConfiguration section */
		5B18D3AB2BE2D9F000C9827B /* Debug */ = {
			isa = XCBuildConfiguration;
			buildSettings = {
				ALWAYS_SEARCH_USER_PATHS = NO;
				ASSETCATALOG_COMPILER_GENERATE_SWIFT_ASSET_SYMBOL_EXTENSIONS = YES;
				CLANG_ANALYZER_NONNULL = YES;
				CLANG_ANALYZER_NUMBER_OBJECT_CONVERSION = YES_AGGRESSIVE;
				CLANG_CXX_LANGUAGE_STANDARD = "gnu++20";
				CLANG_ENABLE_MODULES = YES;
				CLANG_ENABLE_OBJC_ARC = YES;
				CLANG_ENABLE_OBJC_WEAK = YES;
				CLANG_WARN_BLOCK_CAPTURE_AUTORELEASING = YES;
				CLANG_WARN_BOOL_CONVERSION = YES;
				CLANG_WARN_COMMA = YES;
				CLANG_WARN_CONSTANT_CONVERSION = YES;
				CLANG_WARN_DEPRECATED_OBJC_IMPLEMENTATIONS = YES;
				CLANG_WARN_DIRECT_OBJC_ISA_USAGE = YES_ERROR;
				CLANG_WARN_DOCUMENTATION_COMMENTS = YES;
				CLANG_WARN_EMPTY_BODY = YES;
				CLANG_WARN_ENUM_CONVERSION = YES;
				CLANG_WARN_INFINITE_RECURSION = YES;
				CLANG_WARN_INT_CONVERSION = YES;
				CLANG_WARN_NON_LITERAL_NULL_CONVERSION = YES;
				CLANG_WARN_OBJC_IMPLICIT_RETAIN_SELF = YES;
				CLANG_WARN_OBJC_LITERAL_CONVERSION = YES;
				CLANG_WARN_OBJC_ROOT_CLASS = YES_ERROR;
				CLANG_WARN_QUOTED_INCLUDE_IN_FRAMEWORK_HEADER = YES;
				CLANG_WARN_RANGE_LOOP_ANALYSIS = YES;
				CLANG_WARN_STRICT_PROTOTYPES = YES;
				CLANG_WARN_SUSPICIOUS_MOVE = YES;
				CLANG_WARN_UNGUARDED_AVAILABILITY = YES_AGGRESSIVE;
				CLANG_WARN_UNREACHABLE_CODE = YES;
				CLANG_WARN__DUPLICATE_METHOD_MATCH = YES;
				COPY_PHASE_STRIP = NO;
				DEBUG_INFORMATION_FORMAT = dwarf;
				ENABLE_STRICT_OBJC_MSGSEND = YES;
				ENABLE_TESTABILITY = YES;
				ENABLE_USER_SCRIPT_SANDBOXING = YES;
				GCC_C_LANGUAGE_STANDARD = gnu17;
				GCC_DYNAMIC_NO_PIC = NO;
				GCC_NO_COMMON_BLOCKS = YES;
				GCC_OPTIMIZATION_LEVEL = 0;
				GCC_PREPROCESSOR_DEFINITIONS = (
					"DEBUG=1",
					"$(inherited)",
				);
				GCC_WARN_64_TO_32_BIT_CONVERSION = YES;
				GCC_WARN_ABOUT_RETURN_TYPE = YES_ERROR;
				GCC_WARN_UNDECLARED_SELECTOR = YES;
				GCC_WARN_UNINITIALIZED_AUTOS = YES_AGGRESSIVE;
				GCC_WARN_UNUSED_FUNCTION = YES;
				GCC_WARN_UNUSED_VARIABLE = YES;
				IPHONEOS_DEPLOYMENT_TARGET = 17.4;
				LOCALIZATION_PREFERS_STRING_CATALOGS = YES;
				MTL_ENABLE_DEBUG_INFO = INCLUDE_SOURCE;
				MTL_FAST_MATH = YES;
				ONLY_ACTIVE_ARCH = YES;
				SDKROOT = iphoneos;
				SWIFT_ACTIVE_COMPILATION_CONDITIONS = "DEBUG $(inherited)";
				SWIFT_OPTIMIZATION_LEVEL = "-Onone";
			};
			name = Debug;
		};
		5B18D3AC2BE2D9F000C9827B /* Release */ = {
			isa = XCBuildConfiguration;
			buildSettings = {
				ALWAYS_SEARCH_USER_PATHS = NO;
				ASSETCATALOG_COMPILER_GENERATE_SWIFT_ASSET_SYMBOL_EXTENSIONS = YES;
				CLANG_ANALYZER_NONNULL = YES;
				CLANG_ANALYZER_NUMBER_OBJECT_CONVERSION = YES_AGGRESSIVE;
				CLANG_CXX_LANGUAGE_STANDARD = "gnu++20";
				CLANG_ENABLE_MODULES = YES;
				CLANG_ENABLE_OBJC_ARC = YES;
				CLANG_ENABLE_OBJC_WEAK = YES;
				CLANG_WARN_BLOCK_CAPTURE_AUTORELEASING = YES;
				CLANG_WARN_BOOL_CONVERSION = YES;
				CLANG_WARN_COMMA = YES;
				CLANG_WARN_CONSTANT_CONVERSION = YES;
				CLANG_WARN_DEPRECATED_OBJC_IMPLEMENTATIONS = YES;
				CLANG_WARN_DIRECT_OBJC_ISA_USAGE = YES_ERROR;
				CLANG_WARN_DOCUMENTATION_COMMENTS = YES;
				CLANG_WARN_EMPTY_BODY = YES;
				CLANG_WARN_ENUM_CONVERSION = YES;
				CLANG_WARN_INFINITE_RECURSION = YES;
				CLANG_WARN_INT_CONVERSION = YES;
				CLANG_WARN_NON_LITERAL_NULL_CONVERSION = YES;
				CLANG_WARN_OBJC_IMPLICIT_RETAIN_SELF = YES;
				CLANG_WARN_OBJC_LITERAL_CONVERSION = YES;
				CLANG_WARN_OBJC_ROOT_CLASS = YES_ERROR;
				CLANG_WARN_QUOTED_INCLUDE_IN_FRAMEWORK_HEADER = YES;
				CLANG_WARN_RANGE_LOOP_ANALYSIS = YES;
				CLANG_WARN_STRICT_PROTOTYPES = YES;
				CLANG_WARN_SUSPICIOUS_MOVE = YES;
				CLANG_WARN_UNGUARDED_AVAILABILITY = YES_AGGRESSIVE;
				CLANG_WARN_UNREACHABLE_CODE = YES;
				CLANG_WARN__DUPLICATE_METHOD_MATCH = YES;
				COPY_PHASE_STRIP = NO;
				DEBUG_INFORMATION_FORMAT = "dwarf-with-dsym";
				ENABLE_NS_ASSERTIONS = NO;
				ENABLE_STRICT_OBJC_MSGSEND = YES;
				ENABLE_USER_SCRIPT_SANDBOXING = YES;
				GCC_C_LANGUAGE_STANDARD = gnu17;
				GCC_NO_COMMON_BLOCKS = YES;
				GCC_WARN_64_TO_32_BIT_CONVERSION = YES;
				GCC_WARN_ABOUT_RETURN_TYPE = YES_ERROR;
				GCC_WARN_UNDECLARED_SELECTOR = YES;
				GCC_WARN_UNINITIALIZED_AUTOS = YES_AGGRESSIVE;
				GCC_WARN_UNUSED_FUNCTION = YES;
				GCC_WARN_UNUSED_VARIABLE = YES;
				IPHONEOS_DEPLOYMENT_TARGET = 17.4;
				LOCALIZATION_PREFERS_STRING_CATALOGS = YES;
				MTL_ENABLE_DEBUG_INFO = NO;
				MTL_FAST_MATH = YES;
				SDKROOT = iphoneos;
				SWIFT_COMPILATION_MODE = wholemodule;
				VALIDATE_PRODUCT = YES;
			};
			name = Release;
		};
		5B18D3AE2BE2D9F000C9827B /* Debug */ = {
			isa = XCBuildConfiguration;
			buildSettings = {
				ASSETCATALOG_COMPILER_APPICON_NAME = AppIcon;
				ASSETCATALOG_COMPILER_GLOBAL_ACCENT_COLOR_NAME = AccentColor;
				CODE_SIGN_STYLE = Automatic;
				CURRENT_PROJECT_VERSION = 1;
				DEVELOPMENT_ASSET_PATHS = "\"ijourney/Preview Content\"";
				DEVELOPMENT_TEAM = KH29F8M42T;
				ENABLE_PREVIEWS = YES;
				GENERATE_INFOPLIST_FILE = YES;
				INFOPLIST_KEY_UIApplicationSceneManifest_Generation = YES;
				INFOPLIST_KEY_UIApplicationSupportsIndirectInputEvents = YES;
				INFOPLIST_KEY_UILaunchScreen_Generation = YES;
				INFOPLIST_KEY_UISupportedInterfaceOrientations = UIInterfaceOrientationPortrait;
				LD_RUNPATH_SEARCH_PATHS = (
					"$(inherited)",
					"@executable_path/Frameworks",
				);
				MARKETING_VERSION = 1.0;
				PRODUCT_BUNDLE_IDENTIFIER = world.lambo77.ijourney;
				PRODUCT_NAME = "$(TARGET_NAME)";
				SUPPORTED_PLATFORMS = "iphoneos iphonesimulator";
				SUPPORTS_MACCATALYST = NO;
				SUPPORTS_MAC_DESIGNED_FOR_IPHONE_IPAD = NO;
				SUPPORTS_XR_DESIGNED_FOR_IPHONE_IPAD = NO;
				SWIFT_EMIT_LOC_STRINGS = YES;
				SWIFT_VERSION = 5.0;
				TARGETED_DEVICE_FAMILY = 1;
			};
			name = Debug;
		};
		5B18D3AF2BE2D9F000C9827B /* Release */ = {
			isa = XCBuildConfiguration;
			buildSettings = {
				ASSETCATALOG_COMPILER_APPICON_NAME = AppIcon;
				ASSETCATALOG_COMPILER_GLOBAL_ACCENT_COLOR_NAME = AccentColor;
				CODE_SIGN_STYLE = Automatic;
				CURRENT_PROJECT_VERSION = 1;
				DEVELOPMENT_ASSET_PATHS = "\"ijourney/Preview Content\"";
				DEVELOPMENT_TEAM = KH29F8M42T;
				ENABLE_PREVIEWS = YES;
				GENERATE_INFOPLIST_FILE = YES;
				INFOPLIST_KEY_UIApplicationSceneManifest_Generation = YES;
				INFOPLIST_KEY_UIApplicationSupportsIndirectInputEvents = YES;
				INFOPLIST_KEY_UILaunchScreen_Generation = YES;
				INFOPLIST_KEY_UISupportedInterfaceOrientations = UIInterfaceOrientationPortrait;
				LD_RUNPATH_SEARCH_PATHS = (
					"$(inherited)",
					"@executable_path/Frameworks",
				);
				MARKETING_VERSION = 1.0;
				PRODUCT_BUNDLE_IDENTIFIER = world.lambo77.ijourney;
				PRODUCT_NAME = "$(TARGET_NAME)";
				SUPPORTED_PLATFORMS = "iphoneos iphonesimulator";
				SUPPORTS_MACCATALYST = NO;
				SUPPORTS_MAC_DESIGNED_FOR_IPHONE_IPAD = NO;
				SUPPORTS_XR_DESIGNED_FOR_IPHONE_IPAD = NO;
				SWIFT_EMIT_LOC_STRINGS = YES;
				SWIFT_VERSION = 5.0;
				TARGETED_DEVICE_FAMILY = 1;
			};
			name = Release;
		};
		5B18D3B12BE2D9F000C9827B /* Debug */ = {
			isa = XCBuildConfiguration;
			buildSettings = {
				ALWAYS_EMBED_SWIFT_STANDARD_LIBRARIES = YES;
				BUNDLE_LOADER = "$(TEST_HOST)";
				CODE_SIGN_STYLE = Automatic;
				CURRENT_PROJECT_VERSION = 1;
				DEVELOPMENT_TEAM = KH29F8M42T;
				GENERATE_INFOPLIST_FILE = YES;
				IPHONEOS_DEPLOYMENT_TARGET = 17.4;
				MARKETING_VERSION = 1.0;
				PRODUCT_BUNDLE_IDENTIFIER = world.lambo77.ijourneyTests;
				PRODUCT_NAME = "$(TARGET_NAME)";
				SUPPORTED_PLATFORMS = "iphoneos iphonesimulator";
				SUPPORTS_MACCATALYST = NO;
				SUPPORTS_MAC_DESIGNED_FOR_IPHONE_IPAD = NO;
				SUPPORTS_XR_DESIGNED_FOR_IPHONE_IPAD = NO;
				SWIFT_EMIT_LOC_STRINGS = NO;
				SWIFT_VERSION = 5.0;
				TARGETED_DEVICE_FAMILY = 1;
				TEST_HOST = "$(BUILT_PRODUCTS_DIR)/ijourney.app/$(BUNDLE_EXECUTABLE_FOLDER_PATH)/ijourney";
			};
			name = Debug;
		};
		5B18D3B22BE2D9F000C9827B /* Release */ = {
			isa = XCBuildConfiguration;
			buildSettings = {
				ALWAYS_EMBED_SWIFT_STANDARD_LIBRARIES = YES;
				BUNDLE_LOADER = "$(TEST_HOST)";
				CODE_SIGN_STYLE = Automatic;
				CURRENT_PROJECT_VERSION = 1;
				DEVELOPMENT_TEAM = KH29F8M42T;
				GENERATE_INFOPLIST_FILE = YES;
				IPHONEOS_DEPLOYMENT_TARGET = 17.4;
				MARKETING_VERSION = 1.0;
				PRODUCT_BUNDLE_IDENTIFIER = world.lambo77.ijourneyTests;
				PRODUCT_NAME = "$(TARGET_NAME)";
				SUPPORTED_PLATFORMS = "iphoneos iphonesimulator";
				SUPPORTS_MACCATALYST = NO;
				SUPPORTS_MAC_DESIGNED_FOR_IPHONE_IPAD = NO;
				SUPPORTS_XR_DESIGNED_FOR_IPHONE_IPAD = NO;
				SWIFT_EMIT_LOC_STRINGS = NO;
				SWIFT_VERSION = 5.0;
				TARGETED_DEVICE_FAMILY = 1;
				TEST_HOST = "$(BUILT_PRODUCTS_DIR)/ijourney.app/$(BUNDLE_EXECUTABLE_FOLDER_PATH)/ijourney";
			};
			name = Release;
		};
/* End XCBuildConfiguration section */

/* Begin XCConfigurationList section */
		5B18D3822BE2D9EF00C9827B /* Build configuration list for PBXProject "ijourney" */ = {
			isa = XCConfigurationList;
			buildConfigurations = (
				5B18D3AB2BE2D9F000C9827B /* Debug */,
				5B18D3AC2BE2D9F000C9827B /* Release */,
			);
			defaultConfigurationIsVisible = 0;
			defaultConfigurationName = Release;
		};
		5B18D3AD2BE2D9F000C9827B /* Build configuration list for PBXNativeTarget "ijourney" */ = {
			isa = XCConfigurationList;
			buildConfigurations = (
				5B18D3AE2BE2D9F000C9827B /* Debug */,
				5B18D3AF2BE2D9F000C9827B /* Release */,
			);
			defaultConfigurationIsVisible = 0;
			defaultConfigurationName = Release;
		};
		5B18D3B02BE2D9F000C9827B /* Build configuration list for PBXNativeTarget "ijourneyTests" */ = {
			isa = XCConfigurationList;
			buildConfigurations = (
				5B18D3B12BE2D9F000C9827B /* Debug */,
				5B18D3B22BE2D9F000C9827B /* Release */,
			);
			defaultConfigurationIsVisible = 0;
			defaultConfigurationName = Release;
		};
/* End XCConfigurationList section */

/* Begin XCRemoteSwiftPackageReference section */
		5BF470D92BF677E30012CD72 /* XCRemoteSwiftPackageReference "Glur" */ = {
			isa = XCRemoteSwiftPackageReference;
			repositoryURL = "https://github.com/joogps/Glur?tab=readme-ov-file";
			requirement = {
				kind = upToNextMajorVersion;
				minimumVersion = 1.0.4;
			};
		};
/* End XCRemoteSwiftPackageReference section */

/* Begin XCSwiftPackageProductDependency section */
		5BF470DA2BF677F30012CD72 /* Glur */ = {
			isa = XCSwiftPackageProductDependency;
			package = 5BF470D92BF677E30012CD72 /* XCRemoteSwiftPackageReference "Glur" */;
			productName = Glur;
		};
/* End XCSwiftPackageProductDependency section */
	};
	rootObject = 5B18D37F2BE2D9EF00C9827B /* Project object */;
}
